// !$*UTF8*$!
{
	archiveVersion = 1;
	classes = {
	};
	objectVersion = 77;
	objects = {

/* Begin PBXBuildFile section */
		A70F40122FA6C20000170BF2 /* BainLuckWatch Watch App.app in Embed Watch Content */ = {isa = PBXBuildFile; fileRef = A70F40112FA6C20000170BF2 /* BainLuckWatch Watch App.app */; settings = {ATTRIBUTES = (RemoveHeadersOnCopy, ); }; };
		A73159A62F53CBFF0051185B /* GoogleSignIn in Frameworks */ = {isa = PBXBuildFile; productRef = A7869E392F525C6D000542D3 /* GoogleSignIn */; };
		A73159A72F53CBFF0051185B /* FirebaseAnalytics in Frameworks */ = {isa = PBXBuildFile; productRef = A7869E3A2F525C6E000542D3 /* FirebaseAnalytics */; };
		A7C839010001000000000001 /* FirebaseCrashlytics in Frameworks */ = {isa = PBXBuildFile; productRef = A7C839020001000000000001 /* FirebaseCrashlytics */; };
		A7C0000000000000000000FD /* BainLuckWidget.appex in Embed Foundation Extensions */ = {isa = PBXBuildFile; fileRef = A7C0000000000000000000F2 /* BainLuckWidget.appex */; settings = {ATTRIBUTES = (RemoveHeadersOnCopy, ); }; };
		A7C0000000000000000000DD /* BainLuckComplication.appex in Embed Foundation Extensions */ = {isa = PBXBuildFile; fileRef = A7C0000000000000000000D2 /* BainLuckComplication.appex */; settings = {ATTRIBUTES = (RemoveHeadersOnCopy, ); }; };
/* End PBXBuildFile section */

/* Begin PBXContainerItemProxy section */
		A70F40132FA6C20000170BF2 /* PBXContainerItemProxy */ = {
			isa = PBXContainerItemProxy;
			containerPortal = A7869E222F525C69000542D3 /* Project object */;
			proxyType = 1;
			remoteGlobalIDString = A70F40102FA6C20000170BF2;
			remoteInfo = "BainLuckWatch Watch App";
		};
		A7C0000000000000000000EB /* PBXContainerItemProxy */ = {
			isa = PBXContainerItemProxy;
			containerPortal = A7869E222F525C69000542D3 /* Project object */;
			proxyType = 1;
			remoteGlobalIDString = A7869E292F525C6A000542D3;
			remoteInfo = "Bain Luck";
		};
		A7C0000000000000000000FB /* PBXContainerItemProxy */ = {
			isa = PBXContainerItemProxy;
			containerPortal = A7869E222F525C69000542D3 /* Project object */;
			proxyType = 1;
			remoteGlobalIDString = A7C0000000000000000000F1;
			remoteInfo = BainLuckWidget;
		};
		A7C0000000000000000000DB /* PBXContainerItemProxy */ = {
			isa = PBXContainerItemProxy;
			containerPortal = A7869E222F525C69000542D3 /* Project object */;
			proxyType = 1;
			remoteGlobalIDString = A7C0000000000000000000D1;
			remoteInfo = BainLuckComplication;
		};
/* End PBXContainerItemProxy section */

/* Begin PBXCopyFilesBuildPhase section */
		A70F401E2FA6C20100170BF2 /* Embed Watch Content */ = {
			isa = PBXCopyFilesBuildPhase;
			buildActionMask = 2147483647;
			dstPath = "$(CONTENTS_FOLDER_PATH)/Watch";
			dstSubfolderSpec = 16;
			files = (
				A70F40122FA6C20000170BF2 /* BainLuckWatch Watch App.app in Embed Watch Content */,
			);
			name = "Embed Watch Content";
			runOnlyForDeploymentPostprocessing = 0;
		};
		A7C0000000000000000000FC /* Embed Foundation Extensions */ = {
			isa = PBXCopyFilesBuildPhase;
			buildActionMask = 2147483647;
			dstPath = "";
			dstSubfolderSpec = 13;
			files = (
				A7C0000000000000000000FD /* BainLuckWidget.appex in Embed Foundation Extensions */,
			);
			name = "Embed Foundation Extensions";
			runOnlyForDeploymentPostprocessing = 0;
		};
		A7C0000000000000000000DC /* Embed Foundation Extensions */ = {
			isa = PBXCopyFilesBuildPhase;
			buildActionMask = 2147483647;
			dstPath = "";
			dstSubfolderSpec = 13;
			files = (
				A7C0000000000000000000DD /* BainLuckComplication.appex in Embed Foundation Extensions */,
			);
			name = "Embed Foundation Extensions";
			runOnlyForDeploymentPostprocessing = 0;
		};
/* End PBXCopyFilesBuildPhase section */

/* Begin PBXFileReference section */
		A70F400C2FA6C20000170BF2 /* BainLuckWatch.app */ = {isa = PBXFileReference; explicitFileType = wrapper.application; includeInIndex = 0; path = BainLuckWatch.app; sourceTree = BUILT_PRODUCTS_DIR; };
		A70F40112FA6C20000170BF2 /* BainLuckWatch Watch App.app */ = {isa = PBXFileReference; explicitFileType = wrapper.application; includeInIndex = 0; path = "BainLuckWatch Watch App.app"; sourceTree = BUILT_PRODUCTS_DIR; };
		A7869E2A2F525C6A000542D3 /* Bain Luck.app */ = {isa = PBXFileReference; explicitFileType = wrapper.application; includeInIndex = 0; path = "Bain Luck.app"; sourceTree = BUILT_PRODUCTS_DIR; };
		A7C0000000000000000000E2 /* BainLuckTests.xctest */ = {isa = PBXFileReference; explicitFileType = wrapper.cfbundle; includeInIndex = 0; path = BainLuckTests.xctest; sourceTree = BUILT_PRODUCTS_DIR; };
		A7C0000000000000000000F2 /* BainLuckWidget.appex */ = {isa = PBXFileReference; explicitFileType = "wrapper.app-extension"; includeInIndex = 0; path = BainLuckWidget.appex; sourceTree = BUILT_PRODUCTS_DIR; };
		A7C0000000000000000000D2 /* BainLuckComplication.appex */ = {isa = PBXFileReference; explicitFileType = "wrapper.app-extension"; includeInIndex = 0; path = BainLuckComplication.appex; sourceTree = BUILT_PRODUCTS_DIR; };
/* End PBXFileReference section */

/* Begin PBXFileSystemSynchronizedBuildFileExceptionSet section */
		A707F8062FA91A3700A4D63C /* Exceptions for "Bain Luck" folder in "BainLuckWatch Watch App" target */ = {
			isa = PBXFileSystemSynchronizedBuildFileExceptionSet;
			membershipExceptions = (
				Models/CommonTypes.swift,
				Models/EventModels.swift,
				Models/FeedModels.swift,
				Models/PredictionModels.swift,
			);
			target = A70F40102FA6C20000170BF2 /* BainLuckWatch Watch App */;
		};
		A7FF02752FA9AC0B00C82C55 /* Exceptions for "BainLuckWatch Watch App" folder in "BainLuckWatch Watch App" target */ = {
			isa = PBXFileSystemSynchronizedBuildFileExceptionSet;
			membershipExceptions = (
				BainLuckComplication.swift,
			);
			target = A70F40102FA6C20000170BF2 /* BainLuckWatch Watch App */;
		};
		A7C0000000000000000000EC /* Exceptions for "BainLuckWatch Watch App" folder in "BainLuckTests" target */ = {
			isa = PBXFileSystemSynchronizedBuildFileExceptionSet;
			membershipExceptions = (
				WatchFeedModels.swift,
				WatchGuessPool.swift,
				WatchGuessBackend.swift,
				WatchGuessViewModel.swift,
			);
			target = A7C0000000000000000000E1 /* BainLuckTests */;
		};
		A7C0000000000000000000FE /* Exceptions for "BainLuckWidget" folder in "BainLuckWidget" target */ = {
			isa = PBXFileSystemSynchronizedBuildFileExceptionSet;
			membershipExceptions = (
				Info.plist,
			);
			target = A7C0000000000000000000F1 /* BainLuckWidget */;
		};
		A7C0000000000000000000FF /* Exceptions for "BainLuckWidget" folder in "BainLuckTests" target */ = {
			isa = PBXFileSystemSynchronizedBuildFileExceptionSet;
			membershipExceptions = (
				WidgetFeedDecoding.swift,
			);
			target = A7C0000000000000000000E1 /* BainLuckTests */;
		};
		A7C0000000000000000000DE /* Exceptions for "BainLuckWatch Watch App" folder in "BainLuckComplication" target */ = {
			isa = PBXFileSystemSynchronizedBuildFileExceptionSet;
			membershipExceptions = (
				BainLuckComplication.swift,
				WatchAPIClient.swift,
				WatchAuthStore.swift,
				WatchFeedModels.swift,
				WatchGuessBackend.swift,
			);
			target = A7C0000000000000000000D1 /* BainLuckComplication */;
		};
		A7C0000000000000000000DF /* Exceptions for "Bain Luck" folder in "BainLuckComplication" target */ = {
			isa = PBXFileSystemSynchronizedBuildFileExceptionSet;
			membershipExceptions = (
				Models/PredictionModels.swift,
			);
			target = A7C0000000000000000000D1 /* BainLuckComplication */;
		};
/* End PBXFileSystemSynchronizedBuildFileExceptionSet section */

/* Begin PBXFileSystemSynchronizedRootGroup section */
		A70F40152FA6C20000170BF2 /* BainLuckWatch Watch App */ = {
			isa = PBXFileSystemSynchronizedRootGroup;
			exceptions = (
				A7FF02752FA9AC0B00C82C55 /* Exceptions for "BainLuckWatch Watch App" folder in "BainLuckWatch Watch App" target */,
				A7C0000000000000000000EC /* Exceptions for "BainLuckWatch Watch App" folder in "BainLuckTests" target */,
				A7C0000000000000000000DE /* Exceptions for "BainLuckWatch Watch App" folder in "BainLuckComplication" target */,
			);
			path = "BainLuckWatch Watch App";
			sourceTree = "<group>";
		};
		A7C0000000000000000000E3 /* BainLuckTests */ = {
			isa = PBXFileSystemSynchronizedRootGroup;
			path = BainLuckTests;
			sourceTree = "<group>";
		};
		A7C0000000000000000000F3 /* BainLuckWidget */ = {
			isa = PBXFileSystemSynchronizedRootGroup;
			exceptions = (
				A7C0000000000000000000FE /* Exceptions for "BainLuckWidget" folder in "BainLuckWidget" target */,
				A7C0000000000000000000FF /* Exceptions for "BainLuckWidget" folder in "BainLuckTests" target */,
			);
			path = BainLuckWidget;
			sourceTree = "<group>";
		};
		A7869E2C2F525C6A000542D3 /* Bain Luck */ = {
			isa = PBXFileSystemSynchronizedRootGroup;
			exceptions = (
				A707F8062FA91A3700A4D63C /* Exceptions for "Bain Luck" folder in "BainLuckWatch Watch App" target */,
				A7C0000000000000000000DF /* Exceptions for "Bain Luck" folder in "BainLuckComplication" target */,
			);
			path = "Bain Luck";
			sourceTree = "<group>";
		};
/* End PBXFileSystemSynchronizedRootGroup section */

/* Begin PBXFrameworksBuildPhase section */
		A70F400E2FA6C20000170BF2 /* Frameworks */ = {
			isa = PBXFrameworksBuildPhase;
			buildActionMask = 2147483647;
			files = (
			);
			runOnlyForDeploymentPostprocessing = 0;
		};
		A7869E272F525C6A000542D3 /* Frameworks */ = {
			isa = PBXFrameworksBuildPhase;
			buildActionMask = 2147483647;
			files = (
				A73159A72F53CBFF0051185B /* FirebaseAnalytics in Frameworks */,
				A7C839010001000000000001 /* FirebaseCrashlytics in Frameworks */,
				A73159A62F53CBFF0051185B /* GoogleSignIn in Frameworks */,
			);
			runOnlyForDeploymentPostprocessing = 0;
		};
		A7C0000000000000000000E5 /* Frameworks */ = {
			isa = PBXFrameworksBuildPhase;
			buildActionMask = 2147483647;
			files = (
			);
			runOnlyForDeploymentPostprocessing = 0;
		};
		A7C0000000000000000000F5 /* Frameworks */ = {
			isa = PBXFrameworksBuildPhase;
			buildActionMask = 2147483647;
			files = (
			);
			runOnlyForDeploymentPostprocessing = 0;
		};
		A7C0000000000000000000D5 /* Frameworks */ = {
			isa = PBXFrameworksBuildPhase;
			buildActionMask = 2147483647;
			files = (
			);
			runOnlyForDeploymentPostprocessing = 0;
		};
/* End PBXFrameworksBuildPhase section */

/* Begin PBXGroup section */
		A7869E212F525C69000542D3 = {
			isa = PBXGroup;
			children = (
				A7869E2C2F525C6A000542D3 /* Bain Luck */,
				A70F40152FA6C20000170BF2 /* BainLuckWatch Watch App */,
				A7C0000000000000000000F3 /* BainLuckWidget */,
				A7C0000000000000000000E3 /* BainLuckTests */,
				A7869E2B2F525C6A000542D3 /* Products */,
			);
			sourceTree = "<group>";
		};
		A7869E2B2F525C6A000542D3 /* Products */ = {
			isa = PBXGroup;
			children = (
				A7869E2A2F525C6A000542D3 /* Bain Luck.app */,
				A70F400C2FA6C20000170BF2 /* BainLuckWatch.app */,
				A70F40112FA6C20000170BF2 /* BainLuckWatch Watch App.app */,
				A7C0000000000000000000E2 /* BainLuckTests.xctest */,
				A7C0000000000000000000F2 /* BainLuckWidget.appex */,
				A7C0000000000000000000D2 /* BainLuckComplication.appex */,
			);
			name = Products;
			sourceTree = "<group>";
		};
/* End PBXGroup section */

/* Begin PBXNativeTarget section */
		A70F400B2FA6C20000170BF2 /* BainLuckWatch */ = {
			isa = PBXNativeTarget;
			buildConfigurationList = A70F40222FA6C20100170BF2 /* Build configuration list for PBXNativeTarget "BainLuckWatch" */;
			buildPhases = (
				A70F400A2FA6C20000170BF2 /* Resources */,
				A70F401E2FA6C20100170BF2 /* Embed Watch Content */,
			);
			buildRules = (
			);
			dependencies = (
				A70F40142FA6C20000170BF2 /* PBXTargetDependency */,
			);
			name = BainLuckWatch;
			packageProductDependencies = (
			);
			productName = BainLuckWatch;
			productReference = A70F400C2FA6C20000170BF2 /* BainLuckWatch.app */;
			productType = "com.apple.product-type.application.watchapp2-container";
		};
		A70F40102FA6C20000170BF2 /* BainLuckWatch Watch App */ = {
			isa = PBXNativeTarget;
			buildConfigurationList = A70F40212FA6C20100170BF2 /* Build configuration list for PBXNativeTarget "BainLuckWatch Watch App" */;
			buildPhases = (
				A70F400D2FA6C20000170BF2 /* Sources */,
				A70F400E2FA6C20000170BF2 /* Frameworks */,
				A70F400F2FA6C20000170BF2 /* Resources */,
				A7C0000000000000000000DC /* Embed Foundation Extensions */,
			);
			buildRules = (
			);
			dependencies = (
				A7C0000000000000000000DA /* PBXTargetDependency */,
			);
			fileSystemSynchronizedGroups = (
				A70F40152FA6C20000170BF2 /* BainLuckWatch Watch App */,
			);
			name = "BainLuckWatch Watch App";
			packageProductDependencies = (
			);
			productName = "BainLuckWatch Watch App";
			productReference = A70F40112FA6C20000170BF2 /* BainLuckWatch Watch App.app */;
			productType = "com.apple.product-type.application";
		};
		A7869E292F525C6A000542D3 /* Bain Luck */ = {
			isa = PBXNativeTarget;
			buildConfigurationList = A7869E352F525C6C000542D3 /* Build configuration list for PBXNativeTarget "Bain Luck" */;
			buildPhases = (
				A7869E262F525C6A000542D3 /* Sources */,
				A7869E272F525C6A000542D3 /* Frameworks */,
				A7869E282F525C6A000542D3 /* Resources */,
				A7C0000000000000000000FC /* Embed Foundation Extensions */,
				A7C839030001000000000001 /* Upload Crashlytics dSYMs */,
			);
			buildRules = (
			);
			dependencies = (
				A7C0000000000000000000FA /* PBXTargetDependency */,
			);
			fileSystemSynchronizedGroups = (
				A7869E2C2F525C6A000542D3 /* Bain Luck */,
			);
			name = "Bain Luck";
			packageProductDependencies = (
				A7869E392F525C6D000542D3 /* GoogleSignIn */,
				A7869E3A2F525C6E000542D3 /* FirebaseAnalytics */,
				A7C839020001000000000001 /* FirebaseCrashlytics */,
			);
			productName = "Bain Luck";
			productReference = A7869E2A2F525C6A000542D3 /* Bain Luck.app */;
			productType = "com.apple.product-type.application";
		};
		A7C0000000000000000000E1 /* BainLuckTests */ = {
			isa = PBXNativeTarget;
			buildConfigurationList = A7C0000000000000000000E7 /* Build configuration list for PBXNativeTarget "BainLuckTests" */;
			buildPhases = (
				A7C0000000000000000000E4 /* Sources */,
				A7C0000000000000000000E5 /* Frameworks */,
				A7C0000000000000000000E6 /* Resources */,
			);
			buildRules = (
			);
			dependencies = (
				A7C0000000000000000000EA /* PBXTargetDependency */,
			);
			fileSystemSynchronizedGroups = (
				A7C0000000000000000000E3 /* BainLuckTests */,
			);
			name = BainLuckTests;
			packageProductDependencies = (
			);
			productName = BainLuckTests;
			productReference = A7C0000000000000000000E2 /* BainLuckTests.xctest */;
			productType = "com.apple.product-type.bundle.unit-test";
		};
		A7C0000000000000000000F1 /* BainLuckWidget */ = {
			isa = PBXNativeTarget;
			buildConfigurationList = A7C0000000000000000000F7 /* Build configuration list for PBXNativeTarget "BainLuckWidget" */;
			buildPhases = (
				A7C0000000000000000000F4 /* Sources */,
				A7C0000000000000000000F5 /* Frameworks */,
				A7C0000000000000000000F6 /* Resources */,
			);
			buildRules = (
			);
			dependencies = (
			);
			fileSystemSynchronizedGroups = (
				A7C0000000000000000000F3 /* BainLuckWidget */,
			);
			name = BainLuckWidget;
			packageProductDependencies = (
			);
			productName = BainLuckWidget;
			productReference = A7C0000000000000000000F2 /* BainLuckWidget.appex */;
			productType = "com.apple.product-type.app-extension";
		};
		A7C0000000000000000000D1 /* BainLuckComplication */ = {
			isa = PBXNativeTarget;
			buildConfigurationList = A7C0000000000000000000D7 /* Build configuration list for PBXNativeTarget "BainLuckComplication" */;
			buildPhases = (
				A7C0000000000000000000D4 /* Sources */,
				A7C0000000000000000000D5 /* Frameworks */,
				A7C0000000000000000000D6 /* Resources */,
			);
			buildRules = (
			);
			dependencies = (
			);
			name = BainLuckComplication;
			packageProductDependencies = (
			);
			productName = BainLuckComplication;
			productReference = A7C0000000000000000000D2 /* BainLuckComplication.appex */;
			productType = "com.apple.product-type.app-extension";
		};
/* End PBXNativeTarget section */

/* Begin PBXProject section */
		A7869E222F525C69000542D3 /* Project object */ = {
			isa = PBXProject;
			attributes = {
				BuildIndependentTargetsInParallel = 1;
				LastSwiftUpdateCheck = 2640;
				LastUpgradeCheck = 2650;
				TargetAttributes = {
					A70F400B2FA6C20000170BF2 = {
						CreatedOnToolsVersion = 26.4.1;
					};
					A70F40102FA6C20000170BF2 = {
						CreatedOnToolsVersion = 26.4.1;
						LastSwiftMigration = 2640;
					};
					A7869E292F525C6A000542D3 = {
						CreatedOnToolsVersion = 26.3;
					};
					A7C0000000000000000000E1 = {
						CreatedOnToolsVersion = 26.6;
						TestTargetID = A7869E292F525C6A000542D3;
					};
					A7C0000000000000000000F1 = {
						CreatedOnToolsVersion = 26.6;
					};
					A7C0000000000000000000D1 = {
						CreatedOnToolsVersion = 26.6;
					};
				};
			};
			buildConfigurationList = A7869E252F525C69000542D3 /* Build configuration list for PBXProject "Bain Luck" */;
			developmentRegion = en;
			hasScannedForEncodings = 0;
			knownRegions = (
				en,
				Base,
			);
			mainGroup = A7869E212F525C69000542D3;
			minimizedProjectReferenceProxies = 1;
			packageReferences = (
				A7869E382F525C6D000542D3 /* XCRemoteSwiftPackageReference "GoogleSignIn-iOS" */,
				A7869E3B2F525C6E000542D3 /* XCRemoteSwiftPackageReference "firebase-ios-sdk" */,
			);
			preferredProjectObjectVersion = 77;
			productRefGroup = A7869E2B2F525C6A000542D3 /* Products */;
			projectDirPath = "";
			projectRoot = "";
			targets = (
				A7869E292F525C6A000542D3 /* Bain Luck */,
				A70F400B2FA6C20000170BF2 /* BainLuckWatch */,
				A70F40102FA6C20000170BF2 /* BainLuckWatch Watch App */,
				A7C0000000000000000000E1 /* BainLuckTests */,
				A7C0000000000000000000F1 /* BainLuckWidget */,
				A7C0000000000000000000D1 /* BainLuckComplication */,
			);
		};
/* End PBXProject section */

/* Begin PBXResourcesBuildPhase section */
		A70F400A2FA6C20000170BF2 /* Resources */ = {
			isa = PBXResourcesBuildPhase;
			buildActionMask = 2147483647;
			files = (
			);
			runOnlyForDeploymentPostprocessing = 0;
		};
		A70F400F2FA6C20000170BF2 /* Resources */ = {
			isa = PBXResourcesBuildPhase;
			buildActionMask = 2147483647;
			files = (
			);
			runOnlyForDeploymentPostprocessing = 0;
		};
		A7869E282F525C6A000542D3 /* Resources */ = {
			isa = PBXResourcesBuildPhase;
			buildActionMask = 2147483647;
			files = (
			);
			runOnlyForDeploymentPostprocessing = 0;
		};
		A7C0000000000000000000E6 /* Resources */ = {
			isa = PBXResourcesBuildPhase;
			buildActionMask = 2147483647;
			files = (
			);
			runOnlyForDeploymentPostprocessing = 0;
		};
		A7C0000000000000000000F6 /* Resources */ = {
			isa = PBXResourcesBuildPhase;
			buildActionMask = 2147483647;
			files = (
			);
			runOnlyForDeploymentPostprocessing = 0;
		};
		A7C0000000000000000000D6 /* Resources */ = {
			isa = PBXResourcesBuildPhase;
			buildActionMask = 2147483647;
			files = (
			);
			runOnlyForDeploymentPostprocessing = 0;
		};
/* End PBXResourcesBuildPhase section */

/* Begin PBXShellScriptBuildPhase section */
		A7C839030001000000000001 /* Upload Crashlytics dSYMs */ = {
			isa = PBXShellScriptBuildPhase;
			alwaysOutOfDate = 1;
			buildActionMask = 2147483647;
			files = (
			);
			inputPaths = (
				"${DWARF_DSYM_FOLDER_PATH}/${TARGET_NAME}.app.dSYM/Contents/Resources/DWARF/${TARGET_NAME}",
				"$(SRCROOT)/$(BUILT_PRODUCTS_DIR)/$(INFOPLIST_PATH)",
			);
			name = "Upload Crashlytics dSYMs";
			outputPaths = (
			);
			runOnlyForDeploymentPostprocessing = 0;
			shellPath = /bin/sh;
			shellScript = "# Only upload dSYMs for Release builds (archive/TestFlight/App Store).\n# Debug builds produce no dSYM; the Firebase run script's own \"set\n# DEBUG_INFORMATION_FORMAT to dwarf-with-dsym\" warning fires only when it runs\n# in Debug, so gating to Release silences it (#902-follow-up / #839).\nif [ \"${CONFIGURATION}\" = \"Release\" ]; then\n  \"${BUILD_DIR%/Build/*}/SourcePackages/checkouts/firebase-ios-sdk/Crashlytics/run\"\nfi\n";
		};
/* End PBXShellScriptBuildPhase section */

/* Begin PBXSourcesBuildPhase section */
		A70F400D2FA6C20000170BF2 /* Sources */ = {
			isa = PBXSourcesBuildPhase;
			buildActionMask = 2147483647;
			files = (
			);
			runOnlyForDeploymentPostprocessing = 0;
		};
		A7869E262F525C6A000542D3 /* Sources */ = {
			isa = PBXSourcesBuildPhase;
			buildActionMask = 2147483647;
			files = (
			);
			runOnlyForDeploymentPostprocessing = 0;
		};
		A7C0000000000000000000E4 /* Sources */ = {
			isa = PBXSourcesBuildPhase;
			buildActionMask = 2147483647;
			files = (
			);
			runOnlyForDeploymentPostprocessing = 0;
		};
		A7C0000000000000000000F4 /* Sources */ = {
			isa = PBXSourcesBuildPhase;
			buildActionMask = 2147483647;
			files = (
			);
			runOnlyForDeploymentPostprocessing = 0;
		};
		A7C0000000000000000000D4 /* Sources */ = {
			isa = PBXSourcesBuildPhase;
			buildActionMask = 2147483647;
			files = (
			);
			runOnlyForDeploymentPostprocessing = 0;
		};
/* End PBXSourcesBuildPhase section */

/* Begin PBXTargetDependency section */
		A70F40142FA6C20000170BF2 /* PBXTargetDependency */ = {
			isa = PBXTargetDependency;
			target = A70F40102FA6C20000170BF2 /* BainLuckWatch Watch App */;
			targetProxy = A70F40132FA6C20000170BF2 /* PBXContainerItemProxy */;
		};
		A7C0000000000000000000EA /* PBXTargetDependency */ = {
			isa = PBXTargetDependency;
			target = A7869E292F525C6A000542D3 /* Bain Luck */;
			targetProxy = A7C0000000000000000000EB /* PBXContainerItemProxy */;
		};
		A7C0000000000000000000FA /* PBXTargetDependency */ = {
			isa = PBXTargetDependency;
			target = A7C0000000000000000000F1 /* BainLuckWidget */;
			targetProxy = A7C0000000000000000000FB /* PBXContainerItemProxy */;
		};
		A7C0000000000000000000DA /* PBXTargetDependency */ = {
			isa = PBXTargetDependency;
			target = A7C0000000000000000000D1 /* BainLuckComplication */;
			targetProxy = A7C0000000000000000000DB /* PBXContainerItemProxy */;
		};
/* End PBXTargetDependency section */

/* Begin XCBuildConfiguration section */
		A70F401C2FA6C20100170BF2 /* Debug */ = {
			isa = XCBuildConfiguration;
			buildSettings = {
				CODE_SIGN_STYLE = Automatic;
				CURRENT_PROJECT_VERSION = 1;
				ENABLE_USER_SCRIPT_SANDBOXING = YES;
				INFOPLIST_KEY_CFBundleDisplayName = BainLuckWatch;
				MARKETING_VERSION = 1.0;
				PRODUCT_BUNDLE_IDENTIFIER = com.bainluck.BainLuckWatch;
				PRODUCT_NAME = "$(TARGET_NAME)";
				SDKROOT = iphoneos;
				SWIFT_APPROACHABLE_CONCURRENCY = YES;
				SWIFT_UPCOMING_FEATURE_MEMBER_IMPORT_VISIBILITY = YES;
				SWIFT_VERSION = 5.0;
			};
			name = Debug;
		};
		A70F401D2FA6C20100170BF2 /* Release */ = {
			isa = XCBuildConfiguration;
			buildSettings = {
				CODE_SIGN_STYLE = Automatic;
				CURRENT_PROJECT_VERSION = 1;
				ENABLE_USER_SCRIPT_SANDBOXING = YES;
				INFOPLIST_KEY_CFBundleDisplayName = BainLuckWatch;
				MARKETING_VERSION = 1.0;
				PRODUCT_BUNDLE_IDENTIFIER = com.bainluck.BainLuckWatch;
				PRODUCT_NAME = "$(TARGET_NAME)";
				SDKROOT = iphoneos;
				SWIFT_APPROACHABLE_CONCURRENCY = YES;
				SWIFT_UPCOMING_FEATURE_MEMBER_IMPORT_VISIBILITY = YES;
				SWIFT_VERSION = 5.0;
				VALIDATE_PRODUCT = YES;
			};
			name = Release;
		};
		A70F401F2FA6C20100170BF2 /* Debug */ = {
			isa = XCBuildConfiguration;
			buildSettings = {
				ASSETCATALOG_COMPILER_APPICON_NAME = AppIcon;
				ASSETCATALOG_COMPILER_GLOBAL_ACCENT_COLOR_NAME = AccentColor;
				CLANG_ENABLE_MODULES = YES;
				CODE_SIGN_STYLE = Automatic;
				CURRENT_PROJECT_VERSION = 1;
				ENABLE_PREVIEWS = YES;
				ENABLE_USER_SCRIPT_SANDBOXING = YES;
				GENERATE_INFOPLIST_FILE = YES;
				INFOPLIST_KEY_CFBundleDisplayName = BainLuckWatch;
				INFOPLIST_KEY_UISupportedInterfaceOrientations = "UIInterfaceOrientationPortrait UIInterfaceOrientationPortraitUpsideDown";
				INFOPLIST_KEY_WKWatchOnly = YES;
				LD_RUNPATH_SEARCH_PATHS = (
					"$(inherited)",
					"@executable_path/Frameworks",
				);
				MARKETING_VERSION = 1.0;
				PRODUCT_BUNDLE_IDENTIFIER = com.bainluck.BainLuckWatch.watchkitapp;
				PRODUCT_NAME = "$(TARGET_NAME)";
				SDKROOT = watchos;
				SKIP_INSTALL = YES;
				STRING_CATALOG_GENERATE_SYMBOLS = YES;
				SWIFT_APPROACHABLE_CONCURRENCY = YES;
				SWIFT_DEFAULT_ACTOR_ISOLATION = MainActor;
				SWIFT_EMIT_LOC_STRINGS = YES;
				SWIFT_OPTIMIZATION_LEVEL = "-Onone";
				SWIFT_UPCOMING_FEATURE_MEMBER_IMPORT_VISIBILITY = YES;
				SWIFT_VERSION = 5.0;
				TARGETED_DEVICE_FAMILY = 4;
				WATCHOS_DEPLOYMENT_TARGET = 26.0;
			};
			name = Debug;
		};
		A70F40202FA6C20100170BF2 /* Release */ = {
			isa = XCBuildConfiguration;
			buildSettings = {
				ASSETCATALOG_COMPILER_APPICON_NAME = AppIcon;
				ASSETCATALOG_COMPILER_GLOBAL_ACCENT_COLOR_NAME = AccentColor;
				CLANG_ENABLE_MODULES = YES;
				CODE_SIGN_STYLE = Automatic;
				CURRENT_PROJECT_VERSION = 1;
				ENABLE_PREVIEWS = YES;
				ENABLE_USER_SCRIPT_SANDBOXING = YES;
				GENERATE_INFOPLIST_FILE = YES;
				INFOPLIST_KEY_CFBundleDisplayName = BainLuckWatch;
				INFOPLIST_KEY_UISupportedInterfaceOrientations = "UIInterfaceOrientationPortrait UIInterfaceOrientationPortraitUpsideDown";
				INFOPLIST_KEY_WKWatchOnly = YES;
				LD_RUNPATH_SEARCH_PATHS = (
					"$(inherited)",
					"@executable_path/Frameworks",
				);
				MARKETING_VERSION = 1.0;
				PRODUCT_BUNDLE_IDENTIFIER = com.bainluck.BainLuckWatch.watchkitapp;
				PRODUCT_NAME = "$(TARGET_NAME)";
				SDKROOT = watchos;
				SKIP_INSTALL = YES;
				STRING_CATALOG_GENERATE_SYMBOLS = YES;
				SWIFT_APPROACHABLE_CONCURRENCY = YES;
				SWIFT_DEFAULT_ACTOR_ISOLATION = MainActor;
				SWIFT_EMIT_LOC_STRINGS = YES;
				SWIFT_UPCOMING_FEATURE_MEMBER_IMPORT_VISIBILITY = YES;
				SWIFT_VERSION = 5.0;
				TARGETED_DEVICE_FAMILY = 4;
				VALIDATE_PRODUCT = YES;
				WATCHOS_DEPLOYMENT_TARGET = 26.0;
			};
			name = Release;
		};
		A7869E332F525C6C000542D3 /* Debug */ = {
			isa = XCBuildConfiguration;
			buildSettings = {
				ALWAYS_SEARCH_USER_PATHS = NO;
				ASSETCATALOG_COMPILER_GENERATE_SWIFT_ASSET_SYMBOL_EXTENSIONS = YES;
				CLANG_ANALYZER_NONNULL = YES;
				CLANG_ANALYZER_NUMBER_OBJECT_CONVERSION = YES_AGGRESSIVE;
				CLANG_CXX_LANGUAGE_STANDARD = "gnu++20";
				CLANG_ENABLE_MODULES = YES;
				CLANG_ENABLE_OBJC_ARC = YES;
				CLANG_ENABLE_OBJC_WEAK = YES;
				CLANG_WARN_BLOCK_CAPTURE_AUTORELEASING = YES;
				CLANG_WARN_BOOL_CONVERSION = YES;
				CLANG_WARN_COMMA = YES;
				CLANG_WARN_CONSTANT_CONVERSION = YES;
				CLANG_WARN_DEPRECATED_OBJC_IMPLEMENTATIONS = YES;
				CLANG_WARN_DIRECT_OBJC_ISA_USAGE = YES_ERROR;
				CLANG_WARN_DOCUMENTATION_COMMENTS = YES;
				CLANG_WARN_EMPTY_BODY = YES;
				CLANG_WARN_ENUM_CONVERSION = YES;
				CLANG_WARN_INFINITE_RECURSION = YES;
				CLANG_WARN_INT_CONVERSION = YES;
				CLANG_WARN_NON_LITERAL_NULL_CONVERSION = YES;
				CLANG_WARN_OBJC_IMPLICIT_RETAIN_SELF = YES;
				CLANG_WARN_OBJC_LITERAL_CONVERSION = YES;
				CLANG_WARN_OBJC_ROOT_CLASS = YES_ERROR;
				CLANG_WARN_QUOTED_INCLUDE_IN_FRAMEWORK_HEADER = YES;
				CLANG_WARN_RANGE_LOOP_ANALYSIS = YES;
				CLANG_WARN_STRICT_PROTOTYPES = YES;
				CLANG_WARN_SUSPICIOUS_MOVE = YES;
				CLANG_WARN_UNGUARDED_AVAILABILITY = YES_AGGRESSIVE;
				CLANG_WARN_UNREACHABLE_CODE = YES;
				CLANG_WARN__DUPLICATE_METHOD_MATCH = YES;
				COPY_PHASE_STRIP = NO;
				DEAD_CODE_STRIPPING = YES;
				DEBUG_INFORMATION_FORMAT = dwarf;
				DEVELOPMENT_TEAM = J893F72P4R;
				ENABLE_STRICT_OBJC_MSGSEND = YES;
				ENABLE_TESTABILITY = YES;
				ENABLE_USER_SCRIPT_SANDBOXING = NO;
				GCC_C_LANGUAGE_STANDARD = gnu17;
				GCC_DYNAMIC_NO_PIC = NO;
				GCC_NO_COMMON_BLOCKS = YES;
				GCC_OPTIMIZATION_LEVEL = 0;
				GCC_PREPROCESSOR_DEFINITIONS = (
					"DEBUG=1",
					"$(inherited)",
				);
				GCC_WARN_64_TO_32_BIT_CONVERSION = YES;
				GCC_WARN_ABOUT_RETURN_TYPE = YES_ERROR;
				GCC_WARN_UNDECLARED_SELECTOR = YES;
				GCC_WARN_UNINITIALIZED_AUTOS = YES_AGGRESSIVE;
				GCC_WARN_UNUSED_FUNCTION = YES;
				GCC_WARN_UNUSED_VARIABLE = YES;
				LOCALIZATION_PREFERS_STRING_CATALOGS = YES;
				MTL_ENABLE_DEBUG_INFO = INCLUDE_SOURCE;
				MTL_FAST_MATH = YES;
				ONLY_ACTIVE_ARCH = YES;
				STRING_CATALOG_GENERATE_SYMBOLS = YES;
				SWIFT_ACTIVE_COMPILATION_CONDITIONS = "DEBUG $(inherited)";
				SWIFT_OPTIMIZATION_LEVEL = "-Onone";
			};
			name = Debug;
		};
		A7869E342F525C6C000542D3 /* Release */ = {
			isa = XCBuildConfiguration;
			buildSettings = {
				ALWAYS_SEARCH_USER_PATHS = NO;
				ASSETCATALOG_COMPILER_GENERATE_SWIFT_ASSET_SYMBOL_EXTENSIONS = YES;
				CLANG_ANALYZER_NONNULL = YES;
				CLANG_ANALYZER_NUMBER_OBJECT_CONVERSION = YES_AGGRESSIVE;
				CLANG_CXX_LANGUAGE_STANDARD = "gnu++20";
				CLANG_ENABLE_MODULES = YES;
				CLANG_ENABLE_OBJC_ARC = YES;
				CLANG_ENABLE_OBJC_WEAK = YES;
				CLANG_WARN_BLOCK_CAPTURE_AUTORELEASING = YES;
				CLANG_WARN_BOOL_CONVERSION = YES;
				CLANG_WARN_COMMA = YES;
				CLANG_WARN_CONSTANT_CONVERSION = YES;
				CLANG_WARN_DEPRECATED_OBJC_IMPLEMENTATIONS = YES;
				CLANG_WARN_DIRECT_OBJC_ISA_USAGE = YES_ERROR;
				CLANG_WARN_DOCUMENTATION_COMMENTS = YES;
				CLANG_WARN_EMPTY_BODY = YES;
				CLANG_WARN_ENUM_CONVERSION = YES;
				CLANG_WARN_INFINITE_RECURSION = YES;
				CLANG_WARN_INT_CONVERSION = YES;
				CLANG_WARN_NON_LITERAL_NULL_CONVERSION = YES;
				CLANG_WARN_OBJC_IMPLICIT_RETAIN_SELF = YES;
				CLANG_WARN_OBJC_LITERAL_CONVERSION = YES;
				CLANG_WARN_OBJC_ROOT_CLASS = YES_ERROR;
				CLANG_WARN_QUOTED_INCLUDE_IN_FRAMEWORK_HEADER = YES;
				CLANG_WARN_RANGE_LOOP_ANALYSIS = YES;
				CLANG_WARN_STRICT_PROTOTYPES = YES;
				CLANG_WARN_SUSPICIOUS_MOVE = YES;
				CLANG_WARN_UNGUARDED_AVAILABILITY = YES_AGGRESSIVE;
				CLANG_WARN_UNREACHABLE_CODE = YES;
				CLANG_WARN__DUPLICATE_METHOD_MATCH = YES;
				COPY_PHASE_STRIP = NO;
				DEAD_CODE_STRIPPING = YES;
				DEBUG_INFORMATION_FORMAT = "dwarf-with-dsym";
				DEVELOPMENT_TEAM = J893F72P4R;
				ENABLE_NS_ASSERTIONS = NO;
				ENABLE_STRICT_OBJC_MSGSEND = YES;
				ENABLE_USER_SCRIPT_SANDBOXING = NO;
				GCC_C_LANGUAGE_STANDARD = gnu17;
				GCC_NO_COMMON_BLOCKS = YES;
				GCC_WARN_64_TO_32_BIT_CONVERSION = YES;
				GCC_WARN_ABOUT_RETURN_TYPE = YES_ERROR;
				GCC_WARN_UNDECLARED_SELECTOR = YES;
				GCC_WARN_UNINITIALIZED_AUTOS = YES_AGGRESSIVE;
				GCC_WARN_UNUSED_FUNCTION = YES;
				GCC_WARN_UNUSED_VARIABLE = YES;
				LOCALIZATION_PREFERS_STRING_CATALOGS = YES;
				MTL_ENABLE_DEBUG_INFO = NO;
				MTL_FAST_MATH = YES;
				STRING_CATALOG_GENERATE_SYMBOLS = YES;
				SWIFT_COMPILATION_MODE = wholemodule;
			};
			name = Release;
		};
		A7869E362F525C6C000542D3 /* Debug */ = {
			isa = XCBuildConfiguration;
			buildSettings = {
				ASSETCATALOG_COMPILER_APPICON_NAME = AppIcon;
				ASSETCATALOG_COMPILER_GLOBAL_ACCENT_COLOR_NAME = AccentColor;
				CODE_SIGN_ENTITLEMENTS = "Bain Luck/Bain Luck.entitlements";
				CODE_SIGN_STYLE = Automatic;
				CURRENT_PROJECT_VERSION = 7;
				DEAD_CODE_STRIPPING = YES;
				ENABLE_APP_SANDBOX = YES;
				ENABLE_PREVIEWS = YES;
				ENABLE_USER_SELECTED_FILES = readonly;
				GENERATE_INFOPLIST_FILE = YES;
				INFOPLIST_FILE = "Bain-Luck-Info.plist";
				INFOPLIST_KEY_CFBundleDisplayName = "Bain Luck";
				INFOPLIST_KEY_LSApplicationCategoryType = "public.app-category.sports";
				"INFOPLIST_KEY_UIApplicationSceneManifest_Generation[sdk=iphoneos*]" = YES;
				"INFOPLIST_KEY_UIApplicationSceneManifest_Generation[sdk=iphonesimulator*]" = YES;
				"INFOPLIST_KEY_UIApplicationSupportsIndirectInputEvents[sdk=iphoneos*]" = YES;
				"INFOPLIST_KEY_UIApplicationSupportsIndirectInputEvents[sdk=iphonesimulator*]" = YES;
				"INFOPLIST_KEY_UILaunchScreen_Generation[sdk=iphoneos*]" = YES;
				"INFOPLIST_KEY_UILaunchScreen_Generation[sdk=iphonesimulator*]" = YES;
				"INFOPLIST_KEY_UIStatusBarStyle[sdk=iphoneos*]" = UIStatusBarStyleDefault;
				"INFOPLIST_KEY_UIStatusBarStyle[sdk=iphonesimulator*]" = UIStatusBarStyleDefault;
				INFOPLIST_KEY_UISupportedInterfaceOrientations_iPad = "UIInterfaceOrientationPortrait UIInterfaceOrientationPortraitUpsideDown UIInterfaceOrientationLandscapeLeft UIInterfaceOrientationLandscapeRight";
				INFOPLIST_KEY_UISupportedInterfaceOrientations_iPhone = "UIInterfaceOrientationPortrait UIInterfaceOrientationLandscapeLeft UIInterfaceOrientationLandscapeRight";
				IPHONEOS_DEPLOYMENT_TARGET = 17.0;
				LD_RUNPATH_SEARCH_PATHS = "@executable_path/Frameworks";
				"LD_RUNPATH_SEARCH_PATHS[sdk=macosx*]" = "@executable_path/../Frameworks";
				MACOSX_DEPLOYMENT_TARGET = 26.2;
				MARKETING_VERSION = 1.0;
				PRODUCT_BUNDLE_IDENTIFIER = "com.bainluck.Bain-Luck";
				PRODUCT_NAME = "$(TARGET_NAME)";
				REGISTER_APP_GROUPS = YES;
				SDKROOT = auto;
				STRING_CATALOG_GENERATE_SYMBOLS = YES;
				SUPPORTED_PLATFORMS = "iphoneos iphonesimulator macosx xros xrsimulator";
				SWIFT_APPROACHABLE_CONCURRENCY = YES;
				SWIFT_DEFAULT_ACTOR_ISOLATION = MainActor;
				SWIFT_EMIT_LOC_STRINGS = YES;
				SWIFT_UPCOMING_FEATURE_MEMBER_IMPORT_VISIBILITY = YES;
				SWIFT_VERSION = 5.0;
				TARGETED_DEVICE_FAMILY = "1,2,7";
				XROS_DEPLOYMENT_TARGET = 26.2;
			};
			name = Debug;
		};
		A7869E372F525C6C000542D3 /* Release */ = {
			isa = XCBuildConfiguration;
			buildSettings = {
				ASSETCATALOG_COMPILER_APPICON_NAME = AppIcon;
				ASSETCATALOG_COMPILER_GLOBAL_ACCENT_COLOR_NAME = AccentColor;
				CODE_SIGN_ENTITLEMENTS = "Bain Luck/Bain Luck.entitlements";
				CODE_SIGN_STYLE = Automatic;
				CURRENT_PROJECT_VERSION = 7;
				DEAD_CODE_STRIPPING = YES;
				ENABLE_APP_SANDBOX = YES;
				ENABLE_PREVIEWS = YES;
				ENABLE_USER_SELECTED_FILES = readonly;
				GENERATE_INFOPLIST_FILE = YES;
				INFOPLIST_FILE = "Bain-Luck-Info.plist";
				INFOPLIST_KEY_CFBundleDisplayName = "Bain Luck";
				INFOPLIST_KEY_LSApplicationCategoryType = "public.app-category.sports";
				"INFOPLIST_KEY_UIApplicationSceneManifest_Generation[sdk=iphoneos*]" = YES;
				"INFOPLIST_KEY_UIApplicationSceneManifest_Generation[sdk=iphonesimulator*]" = YES;
				"INFOPLIST_KEY_UIApplicationSupportsIndirectInputEvents[sdk=iphoneos*]" = YES;
				"INFOPLIST_KEY_UIApplicationSupportsIndirectInputEvents[sdk=iphonesimulator*]" = YES;
				"INFOPLIST_KEY_UILaunchScreen_Generation[sdk=iphoneos*]" = YES;
				"INFOPLIST_KEY_UILaunchScreen_Generation[sdk=iphonesimulator*]" = YES;
				"INFOPLIST_KEY_UIStatusBarStyle[sdk=iphoneos*]" = UIStatusBarStyleDefault;
				"INFOPLIST_KEY_UIStatusBarStyle[sdk=iphonesimulator*]" = UIStatusBarStyleDefault;
				INFOPLIST_KEY_UISupportedInterfaceOrientations_iPad = "UIInterfaceOrientationPortrait UIInterfaceOrientationPortraitUpsideDown UIInterfaceOrientationLandscapeLeft UIInterfaceOrientationLandscapeRight";
				INFOPLIST_KEY_UISupportedInterfaceOrientations_iPhone = "UIInterfaceOrientationPortrait UIInterfaceOrientationLandscapeLeft UIInterfaceOrientationLandscapeRight";
				IPHONEOS_DEPLOYMENT_TARGET = 17.0;
				LD_RUNPATH_SEARCH_PATHS = "@executable_path/Frameworks";
				"LD_RUNPATH_SEARCH_PATHS[sdk=macosx*]" = "@executable_path/../Frameworks";
				MACOSX_DEPLOYMENT_TARGET = 26.2;
				MARKETING_VERSION = 1.0;
				PRODUCT_BUNDLE_IDENTIFIER = "com.bainluck.Bain-Luck";
				PRODUCT_NAME = "$(TARGET_NAME)";
				REGISTER_APP_GROUPS = YES;
				SDKROOT = auto;
				STRING_CATALOG_GENERATE_SYMBOLS = YES;
				SUPPORTED_PLATFORMS = "iphoneos iphonesimulator macosx xros xrsimulator";
				SWIFT_APPROACHABLE_CONCURRENCY = YES;
				SWIFT_DEFAULT_ACTOR_ISOLATION = MainActor;
				SWIFT_EMIT_LOC_STRINGS = YES;
				SWIFT_UPCOMING_FEATURE_MEMBER_IMPORT_VISIBILITY = YES;
				SWIFT_VERSION = 5.0;
				TARGETED_DEVICE_FAMILY = "1,2,7";
				XROS_DEPLOYMENT_TARGET = 26.2;
			};
			name = Release;
		};
		A7C0000000000000000000E8 /* Debug */ = {
			isa = XCBuildConfiguration;
			buildSettings = {
				ALWAYS_EMBED_SWIFT_STANDARD_LIBRARIES = YES;
				BUNDLE_LOADER = "$(TEST_HOST)";
				CODE_SIGN_STYLE = Automatic;
				CURRENT_PROJECT_VERSION = 1;
				DEVELOPMENT_TEAM = J893F72P4R;
				GENERATE_INFOPLIST_FILE = YES;
				IPHONEOS_DEPLOYMENT_TARGET = 17.0;
				MARKETING_VERSION = 1.0;
				PRODUCT_BUNDLE_IDENTIFIER = "com.bainluck.BainLuckTests";
				PRODUCT_NAME = "$(TARGET_NAME)";
				SDKROOT = iphoneos;
				SUPPORTED_PLATFORMS = "iphoneos iphonesimulator";
				SWIFT_EMIT_LOC_STRINGS = NO;
				SWIFT_VERSION = 5.0;
				TARGETED_DEVICE_FAMILY = "1,2";
				TEST_HOST = "$(BUILT_PRODUCTS_DIR)/Bain Luck.app/$(BUNDLE_EXECUTABLE_FOLDER_PATH)/Bain Luck";
			};
			name = Debug;
		};
		A7C0000000000000000000E9 /* Release */ = {
			isa = XCBuildConfiguration;
			buildSettings = {
				ALWAYS_EMBED_SWIFT_STANDARD_LIBRARIES = YES;
				BUNDLE_LOADER = "$(TEST_HOST)";
				CODE_SIGN_STYLE = Automatic;
				CURRENT_PROJECT_VERSION = 1;
				DEVELOPMENT_TEAM = J893F72P4R;
				GENERATE_INFOPLIST_FILE = YES;
				IPHONEOS_DEPLOYMENT_TARGET = 17.0;
				MARKETING_VERSION = 1.0;
				PRODUCT_BUNDLE_IDENTIFIER = "com.bainluck.BainLuckTests";
				PRODUCT_NAME = "$(TARGET_NAME)";
				SDKROOT = iphoneos;
				SUPPORTED_PLATFORMS = "iphoneos iphonesimulator";
				SWIFT_EMIT_LOC_STRINGS = NO;
				SWIFT_VERSION = 5.0;
				TARGETED_DEVICE_FAMILY = "1,2";
				TEST_HOST = "$(BUILT_PRODUCTS_DIR)/Bain Luck.app/$(BUNDLE_EXECUTABLE_FOLDER_PATH)/Bain Luck";
			};
			name = Release;
		};
		A7C0000000000000000000F8 /* Debug */ = {
			isa = XCBuildConfiguration;
			buildSettings = {
				CODE_SIGN_ENTITLEMENTS = "BainLuckWidget/BainLuckWidget.entitlements";
				CODE_SIGN_STYLE = Automatic;
				CURRENT_PROJECT_VERSION = 7;
				DEVELOPMENT_TEAM = J893F72P4R;
				GENERATE_INFOPLIST_FILE = YES;
				INFOPLIST_FILE = "BainLuckWidget/Info.plist";
				INFOPLIST_KEY_CFBundleDisplayName = "Bain Luck";
				INFOPLIST_KEY_NSHumanReadableCopyright = "";
				IPHONEOS_DEPLOYMENT_TARGET = 17.0;
				LD_RUNPATH_SEARCH_PATHS = (
					"$(inherited)",
					"@executable_path/Frameworks",
					"@executable_path/../../Frameworks",
				);
				MACOSX_DEPLOYMENT_TARGET = 26.2;
				MARKETING_VERSION = 1.0;
				PRODUCT_BUNDLE_IDENTIFIER = "com.bainluck.Bain-Luck.BainLuckWidget";
				PRODUCT_NAME = "$(TARGET_NAME)";
				SDKROOT = auto;
				SKIP_INSTALL = YES;
				SUPPORTED_PLATFORMS = "iphoneos iphonesimulator macosx xros xrsimulator";
				SWIFT_APPROACHABLE_CONCURRENCY = YES;
				SWIFT_DEFAULT_ACTOR_ISOLATION = MainActor;
				SWIFT_EMIT_LOC_STRINGS = YES;
				SWIFT_OPTIMIZATION_LEVEL = "-Onone";
				SWIFT_UPCOMING_FEATURE_MEMBER_IMPORT_VISIBILITY = YES;
				SWIFT_VERSION = 5.0;
				TARGETED_DEVICE_FAMILY = "1,2,7";
				XROS_DEPLOYMENT_TARGET = 26.2;
			};
			name = Debug;
		};
		A7C0000000000000000000F9 /* Release */ = {
			isa = XCBuildConfiguration;
			buildSettings = {
				CODE_SIGN_ENTITLEMENTS = "BainLuckWidget/BainLuckWidget.entitlements";
				CODE_SIGN_STYLE = Automatic;
				CURRENT_PROJECT_VERSION = 7;
				DEVELOPMENT_TEAM = J893F72P4R;
				GENERATE_INFOPLIST_FILE = YES;
				INFOPLIST_FILE = "BainLuckWidget/Info.plist";
				INFOPLIST_KEY_CFBundleDisplayName = "Bain Luck";
				INFOPLIST_KEY_NSHumanReadableCopyright = "";
				IPHONEOS_DEPLOYMENT_TARGET = 17.0;
				LD_RUNPATH_SEARCH_PATHS = (
					"$(inherited)",
					"@executable_path/Frameworks",
					"@executable_path/../../Frameworks",
				);
				MACOSX_DEPLOYMENT_TARGET = 26.2;
				MARKETING_VERSION = 1.0;
				PRODUCT_BUNDLE_IDENTIFIER = "com.bainluck.Bain-Luck.BainLuckWidget";
				PRODUCT_NAME = "$(TARGET_NAME)";
				SDKROOT = auto;
				SKIP_INSTALL = YES;
				SUPPORTED_PLATFORMS = "iphoneos iphonesimulator macosx xros xrsimulator";
				SWIFT_APPROACHABLE_CONCURRENCY = YES;
				SWIFT_DEFAULT_ACTOR_ISOLATION = MainActor;
				SWIFT_EMIT_LOC_STRINGS = YES;
				SWIFT_UPCOMING_FEATURE_MEMBER_IMPORT_VISIBILITY = YES;
				SWIFT_VERSION = 5.0;
				TARGETED_DEVICE_FAMILY = "1,2,7";
				VALIDATE_PRODUCT = YES;
				XROS_DEPLOYMENT_TARGET = 26.2;
			};
			name = Release;
		};
		A7C0000000000000000000D8 /* Debug */ = {
			isa = XCBuildConfiguration;
			buildSettings = {
				CODE_SIGN_STYLE = Automatic;
				CURRENT_PROJECT_VERSION = 1;
				DEVELOPMENT_TEAM = J893F72P4R;
				GENERATE_INFOPLIST_FILE = YES;
				INFOPLIST_FILE = "BainLuckComplication-Info.plist";
				INFOPLIST_KEY_CFBundleDisplayName = "Bain Luck";
				LD_RUNPATH_SEARCH_PATHS = (
					"$(inherited)",
					"@executable_path/Frameworks",
					"@executable_path/../../Frameworks",
				);
				MARKETING_VERSION = 1.0;
				PRODUCT_BUNDLE_IDENTIFIER = "com.bainluck.BainLuckWatch.watchkitapp.Complication";
				PRODUCT_NAME = "$(TARGET_NAME)";
				SDKROOT = watchos;
				SKIP_INSTALL = YES;
				SUPPORTED_PLATFORMS = "watchos watchsimulator";
				SWIFT_APPROACHABLE_CONCURRENCY = YES;
				SWIFT_DEFAULT_ACTOR_ISOLATION = MainActor;
				SWIFT_EMIT_LOC_STRINGS = YES;
				SWIFT_OPTIMIZATION_LEVEL = "-Onone";
				SWIFT_UPCOMING_FEATURE_MEMBER_IMPORT_VISIBILITY = YES;
				SWIFT_VERSION = 5.0;
				TARGETED_DEVICE_FAMILY = 4;
				WATCHOS_DEPLOYMENT_TARGET = 26.0;
			};
			name = Debug;
		};
		A7C0000000000000000000D9 /* Release */ = {
			isa = XCBuildConfiguration;
			buildSettings = {
				CODE_SIGN_STYLE = Automatic;
				CURRENT_PROJECT_VERSION = 1;
				DEVELOPMENT_TEAM = J893F72P4R;
				GENERATE_INFOPLIST_FILE = YES;
				INFOPLIST_FILE = "BainLuckComplication-Info.plist";
				INFOPLIST_KEY_CFBundleDisplayName = "Bain Luck";
				LD_RUNPATH_SEARCH_PATHS = (
					"$(inherited)",
					"@executable_path/Frameworks",
					"@executable_path/../../Frameworks",
				);
				MARKETING_VERSION = 1.0;
				PRODUCT_BUNDLE_IDENTIFIER = "com.bainluck.BainLuckWatch.watchkitapp.Complication";
				PRODUCT_NAME = "$(TARGET_NAME)";
				SDKROOT = watchos;
				SKIP_INSTALL = YES;
				SUPPORTED_PLATFORMS = "watchos watchsimulator";
				SWIFT_APPROACHABLE_CONCURRENCY = YES;
				SWIFT_DEFAULT_ACTOR_ISOLATION = MainActor;
				SWIFT_EMIT_LOC_STRINGS = YES;
				SWIFT_UPCOMING_FEATURE_MEMBER_IMPORT_VISIBILITY = YES;
				SWIFT_VERSION = 5.0;
				TARGETED_DEVICE_FAMILY = 4;
				VALIDATE_PRODUCT = YES;
				WATCHOS_DEPLOYMENT_TARGET = 26.0;
			};
			name = Release;
		};
/* End XCBuildConfiguration section */

/* Begin XCConfigurationList section */
		A70F40212FA6C20100170BF2 /* Build configuration list for PBXNativeTarget "BainLuckWatch Watch App" */ = {
			isa = XCConfigurationList;
			buildConfigurations = (
				A70F401F2FA6C20100170BF2 /* Debug */,
				A70F40202FA6C20100170BF2 /* Release */,
			);
			defaultConfigurationIsVisible = 0;
			defaultConfigurationName = Release;
		};
		A70F40222FA6C20100170BF2 /* Build configuration list for PBXNativeTarget "BainLuckWatch" */ = {
			isa = XCConfigurationList;
			buildConfigurations = (
				A70F401C2FA6C20100170BF2 /* Debug */,
				A70F401D2FA6C20100170BF2 /* Release */,
			);
			defaultConfigurationIsVisible = 0;
			defaultConfigurationName = Release;
		};
		A7869E252F525C69000542D3 /* Build configuration list for PBXProject "Bain Luck" */ = {
			isa = XCConfigurationList;
			buildConfigurations = (
				A7869E332F525C6C000542D3 /* Debug */,
				A7869E342F525C6C000542D3 /* Release */,
			);
			defaultConfigurationIsVisible = 0;
			defaultConfigurationName = Release;
		};
		A7869E352F525C6C000542D3 /* Build configuration list for PBXNativeTarget "Bain Luck" */ = {
			isa = XCConfigurationList;
			buildConfigurations = (
				A7869E362F525C6C000542D3 /* Debug */,
				A7869E372F525C6C000542D3 /* Release */,
			);
			defaultConfigurationIsVisible = 0;
			defaultConfigurationName = Release;
		};
		A7C0000000000000000000E7 /* Build configuration list for PBXNativeTarget "BainLuckTests" */ = {
			isa = XCConfigurationList;
			buildConfigurations = (
				A7C0000000000000000000E8 /* Debug */,
				A7C0000000000000000000E9 /* Release */,
			);
			defaultConfigurationIsVisible = 0;
			defaultConfigurationName = Release;
		};
		A7C0000000000000000000F7 /* Build configuration list for PBXNativeTarget "BainLuckWidget" */ = {
			isa = XCConfigurationList;
			buildConfigurations = (
				A7C0000000000000000000F8 /* Debug */,
				A7C0000000000000000000F9 /* Release */,
			);
			defaultConfigurationIsVisible = 0;
			defaultConfigurationName = Release;
		};
		A7C0000000000000000000D7 /* Build configuration list for PBXNativeTarget "BainLuckComplication" */ = {
			isa = XCConfigurationList;
			buildConfigurations = (
				A7C0000000000000000000D8 /* Debug */,
				A7C0000000000000000000D9 /* Release */,
			);
			defaultConfigurationIsVisible = 0;
			defaultConfigurationName = Release;
		};
/* End XCConfigurationList section */

/* Begin XCRemoteSwiftPackageReference section */
		A7869E382F525C6D000542D3 /* XCRemoteSwiftPackageReference "GoogleSignIn-iOS" */ = {
			isa = XCRemoteSwiftPackageReference;
			repositoryURL = "https://github.com/google/GoogleSignIn-iOS";
			requirement = {
				kind = upToNextMajorVersion;
				minimumVersion = 8.0.0;
			};
		};
		A7869E3B2F525C6E000542D3 /* XCRemoteSwiftPackageReference "firebase-ios-sdk" */ = {
			isa = XCRemoteSwiftPackageReference;
			repositoryURL = "https://github.com/firebase/firebase-ios-sdk";
			requirement = {
				kind = upToNextMajorVersion;
				minimumVersion = 11.0.0;
			};
		};
/* End XCRemoteSwiftPackageReference section */

/* Begin XCSwiftPackageProductDependency section */
		A7869E392F525C6D000542D3 /* GoogleSignIn */ = {
			isa = XCSwiftPackageProductDependency;
			package = A7869E382F525C6D000542D3 /* XCRemoteSwiftPackageReference "GoogleSignIn-iOS" */;
			productName = GoogleSignIn;
		};
		A7869E3A2F525C6E000542D3 /* FirebaseAnalytics */ = {
			isa = XCSwiftPackageProductDependency;
			package = A7869E3B2F525C6E000542D3 /* XCRemoteSwiftPackageReference "firebase-ios-sdk" */;
			productName = FirebaseAnalytics;
		};
		A7C839020001000000000001 /* FirebaseCrashlytics */ = {
			isa = XCSwiftPackageProductDependency;
			package = A7869E3B2F525C6E000542D3 /* XCRemoteSwiftPackageReference "firebase-ios-sdk" */;
			productName = FirebaseCrashlytics;
		};
/* End XCSwiftPackageProductDependency section */
	};
	rootObject = A7869E222F525C69000542D3 /* Project object */;
}
